PODS:
  - FlutterMacOS (1.0.0)
  - rust_lib_x_remote_ui (0.0.1):
    - FlutterMacOS

DEPENDENCIES:
  - FlutterMacOS (from `Flutter/ephemeral`)
  - rust_lib_x_remote_ui (from `Flutter/ephemeral/.symlinks/plugins/rust_lib_x_remote_ui/macos`)

EXTERNAL SOURCES:
  FlutterMacOS:
    :path: Flutter/ephemeral
  rust_lib_x_remote_ui:
    :path: Flutter/ephemeral/.symlinks/plugins/rust_lib_x_remote_ui/macos

SPEC CHECKSUMS:
  FlutterMacOS: 8f6f14fa908a6fb3fba0cd85dbd81ec4b251fb24
  rust_lib_x_remote_ui: 709900923185e3922c218db850a8ebbf1f077952

PODFILE CHECKSUM: 236401fc2c932af29a9fcf0e97baeeb2d750d367

COCOAPODS: 1.12.1
